
Microsoft Visual Studio Solution File, Format Version 12.00
# Visual Studio Version 17
VisualStudioVersion = 17.13.35931.197 d17.13
MinimumVisualStudioVersion = 10.0.40219.1
Project("{FAE04EC0-301F-11D3-BF4B-00C04F79EFBC}") = "LINQSeleccionarBuscarOrdenar", "LINQSeleccionarBuscarOrdenar\LINQSeleccionarBuscarOrdenar.csproj", "{91AF2C69-E315-46D2-9428-93DBA2BADC54}"
EndProject
Global
	GlobalSection(SolutionConfigurationPlatforms) = preSolution
		Debug|Any CPU = Debug|Any CPU
		Release|Any CPU = Release|Any CPU
	EndGlobalSection
	GlobalSection(ProjectConfigurationPlatforms) = postSolution
		{91AF2C69-E315-46D2-9428-93DBA2BADC54}.Debug|Any CPU.ActiveCfg = Debug|Any CPU
		{91AF2C69-E315-46D2-9428-93DBA2BADC54}.Debug|Any CPU.Build.0 = Debug|Any CPU
		{91AF2C69-E315-46D2-9428-93DBA2BADC54}.Release|Any CPU.ActiveCfg = Release|Any CPU
		{91AF2C69-E315-46D2-9428-93DBA2BADC54}.Release|Any CPU.Build.0 = Release|Any CPU
	EndGlobalSection
	GlobalSection(SolutionProperties) = preSolution
		HideSolutionNode = FALSE
	EndGlobalSection
	GlobalSection(ExtensibilityGlobals) = postSolution
		SolutionGuid = {FAEF1256-E7FB-4062-AB64-772CA1B2145D}
	EndGlobalSection
EndGlobal
