
Microsoft Visual Studio Solution File, Format Version 12.00
# Visual Studio Version 17
VisualStudioVersion = 17.13.35931.197 d17.13
MinimumVisualStudioVersion = 10.0.40219.1
Project("{FAE04EC0-301F-11D3-BF4B-00C04F79EFBC}") = "Excepciones", "Excepciones\Excepciones.csproj", "{9891C4D1-0F86-45DE-AA94-E6DE956971C9}"
EndProject
Global
	GlobalSection(SolutionConfigurationPlatforms) = preSolution
		Debug|Any CPU = Debug|Any CPU
		Release|Any CPU = Release|Any CPU
	EndGlobalSection
	GlobalSection(ProjectConfigurationPlatforms) = postSolution
		{9891C4D1-0F86-45DE-AA94-E6DE956971C9}.Debug|Any CPU.ActiveCfg = Debug|Any CPU
		{9891C4D1-0F86-45DE-AA94-E6DE956971C9}.Debug|Any CPU.Build.0 = Debug|Any CPU
		{9891C4D1-0F86-45DE-AA94-E6DE956971C9}.Release|Any CPU.ActiveCfg = Release|Any CPU
		{9891C4D1-0F86-45DE-AA94-E6DE956971C9}.Release|Any CPU.Build.0 = Release|Any CPU
	EndGlobalSection
	GlobalSection(SolutionProperties) = preSolution
		HideSolutionNode = FALSE
	EndGlobalSection
	GlobalSection(ExtensibilityGlobals) = postSolution
		SolutionGuid = {8CA6CB6D-5C00-4F92-8BD3-F1D6B7340C76}
	EndGlobalSection
EndGlobal
