
Microsoft Visual Studio Solution File, Format Version 12.00
# Visual Studio Version 17
VisualStudioVersion = 17.13.35931.197 d17.13
MinimumVisualStudioVersion = 10.0.40219.1
Project("{FAE04EC0-301F-11D3-BF4B-00C04F79EFBC}") = "CreacionDeExcepcionesPersonalizadas", "CreacionDeExcepcionesPersonalizadas\CreacionDeExcepcionesPersonalizadas.csproj", "{32267EBC-3D65-45EB-8C7E-765A667F0D86}"
EndProject
Global
	GlobalSection(SolutionConfigurationPlatforms) = preSolution
		Debug|Any CPU = Debug|Any CPU
		Release|Any CPU = Release|Any CPU
	EndGlobalSection
	GlobalSection(ProjectConfigurationPlatforms) = postSolution
		{32267EBC-3D65-45EB-8C7E-765A667F0D86}.Debug|Any CPU.ActiveCfg = Debug|Any CPU
		{32267EBC-3D65-45EB-8C7E-765A667F0D86}.Debug|Any CPU.Build.0 = Debug|Any CPU
		{32267EBC-3D65-45EB-8C7E-765A667F0D86}.Release|Any CPU.ActiveCfg = Release|Any CPU
		{32267EBC-3D65-45EB-8C7E-765A667F0D86}.Release|Any CPU.Build.0 = Release|Any CPU
	EndGlobalSection
	GlobalSection(SolutionProperties) = preSolution
		HideSolutionNode = FALSE
	EndGlobalSection
	GlobalSection(ExtensibilityGlobals) = postSolution
		SolutionGuid = {16EE001C-4BAA-456E-8241-34AF630C14F6}
	EndGlobalSection
EndGlobal
